
Microsoft Visual Studio Solution File, Format Version 12.00
# Visual Studio Version 16
VisualStudioVersion = 16.0.31005.135
MinimumVisualStudioVersion = 10.0.40219.1
Project("{9A19103F-16F7-4668-BE54-9A1E7A4F7556}") = "TileMapService", "TileMapService\TileMapService.csproj", "{68EE4A96-0FBD-49AE-8789-FF7DB51F4DC8}"
EndProject
Project("{2150E333-8FDC-42A3-9474-1A3956D46DE8}") = "Docs", "Docs", "{BA9C4EF9-3990-46B6-9354-EA789EDF404A}"
	ProjectSection(SolutionItems) = preProject
		..\Docs\appsettings.md = ..\Docs\appsettings.md
		..\README.md = ..\README.md
	EndProjectSection
EndProject
Project("{9A19103F-16F7-4668-BE54-9A1E7A4F7556}") = "TileMapService.Tests", "TileMapService.Tests\TileMapService.Tests.csproj", "{78DCE473-5B36-46F1-BE59-DDCC2F9A41F7}"
EndProject
Global
	GlobalSection(SolutionConfigurationPlatforms) = preSolution
		Debug|Any CPU = Debug|Any CPU
		Release|Any CPU = Release|Any CPU
	EndGlobalSection
	GlobalSection(ProjectConfigurationPlatforms) = postSolution
		{68EE4A96-0FBD-49AE-8789-FF7DB51F4DC8}.Debug|Any CPU.ActiveCfg = Debug|Any CPU
		{68EE4A96-0FBD-49AE-8789-FF7DB51F4DC8}.Debug|Any CPU.Build.0 = Debug|Any CPU
		{68EE4A96-0FBD-49AE-8789-FF7DB51F4DC8}.Release|Any CPU.ActiveCfg = Release|Any CPU
		{68EE4A96-0FBD-49AE-8789-FF7DB51F4DC8}.Release|Any CPU.Build.0 = Release|Any CPU
		{78DCE473-5B36-46F1-BE59-DDCC2F9A41F7}.Debug|Any CPU.ActiveCfg = Debug|Any CPU
		{78DCE473-5B36-46F1-BE59-DDCC2F9A41F7}.Debug|Any CPU.Build.0 = Debug|Any CPU
		{78DCE473-5B36-46F1-BE59-DDCC2F9A41F7}.Release|Any CPU.ActiveCfg = Release|Any CPU
		{78DCE473-5B36-46F1-BE59-DDCC2F9A41F7}.Release|Any CPU.Build.0 = Release|Any CPU
	EndGlobalSection
	GlobalSection(SolutionProperties) = preSolution
		HideSolutionNode = FALSE
	EndGlobalSection
	GlobalSection(ExtensibilityGlobals) = postSolution
		SolutionGuid = {365E53B5-709A-4E72-89BF-194215EDD13D}
	EndGlobalSection
EndGlobal
